
Microsoft Visual Studio Solution File, Format Version 12.00
# Visual Studio Version 17
VisualStudioVersion = 17.5.33627.172
MinimumVisualStudioVersion = 10.0.40219.1
Project("{FAE04EC0-301F-11D3-BF4B-00C04F79EFBC}") = "DataAccess", "DataAccess\DataAccess.csproj", "{0456D36B-79BE-4470-B6A6-F3536A11C4C2}"
EndProject
Project("{FAE04EC0-301F-11D3-BF4B-00C04F79EFBC}") = "Business", "Business\Business.csproj", "{A83B2E2D-885B-402F-8DD1-1A5A9F6CFF27}"
EndProject
Project("{FAE04EC0-301F-11D3-BF4B-00C04F79EFBC}") = "Entities", "Entities\Entities.csproj", "{B09BF539-986D-49CF-BCEC-9556564E1D7A}"
EndProject
Project("{FAE04EC0-301F-11D3-BF4B-00C04F79EFBC}") = "ConsoleUI", "ConsoleUI\ConsoleUI.csproj", "{C6F4871C-18AB-4016-AEF5-368F1F422CE7}"
EndProject
Global
	GlobalSection(SolutionConfigurationPlatforms) = preSolution
		Debug|Any CPU = Debug|Any CPU
		Release|Any CPU = Release|Any CPU
	EndGlobalSection
	GlobalSection(ProjectConfigurationPlatforms) = postSolution
		{0456D36B-79BE-4470-B6A6-F3536A11C4C2}.Debug|Any CPU.ActiveCfg = Debug|Any CPU
		{0456D36B-79BE-4470-B6A6-F3536A11C4C2}.Debug|Any CPU.Build.0 = Debug|Any CPU
		{0456D36B-79BE-4470-B6A6-F3536A11C4C2}.Release|Any CPU.ActiveCfg = Release|Any CPU
		{0456D36B-79BE-4470-B6A6-F3536A11C4C2}.Release|Any CPU.Build.0 = Release|Any CPU
		{A83B2E2D-885B-402F-8DD1-1A5A9F6CFF27}.Debug|Any CPU.ActiveCfg = Debug|Any CPU
		{A83B2E2D-885B-402F-8DD1-1A5A9F6CFF27}.Debug|Any CPU.Build.0 = Debug|Any CPU
		{A83B2E2D-885B-402F-8DD1-1A5A9F6CFF27}.Release|Any CPU.ActiveCfg = Release|Any CPU
		{A83B2E2D-885B-402F-8DD1-1A5A9F6CFF27}.Release|Any CPU.Build.0 = Release|Any CPU
		{B09BF539-986D-49CF-BCEC-9556564E1D7A}.Debug|Any CPU.ActiveCfg = Debug|Any CPU
		{B09BF539-986D-49CF-BCEC-9556564E1D7A}.Debug|Any CPU.Build.0 = Debug|Any CPU
		{B09BF539-986D-49CF-BCEC-9556564E1D7A}.Release|Any CPU.ActiveCfg = Release|Any CPU
		{B09BF539-986D-49CF-BCEC-9556564E1D7A}.Release|Any CPU.Build.0 = Release|Any CPU
		{C6F4871C-18AB-4016-AEF5-368F1F422CE7}.Debug|Any CPU.ActiveCfg = Debug|Any CPU
		{C6F4871C-18AB-4016-AEF5-368F1F422CE7}.Debug|Any CPU.Build.0 = Debug|Any CPU
		{C6F4871C-18AB-4016-AEF5-368F1F422CE7}.Release|Any CPU.ActiveCfg = Release|Any CPU
		{C6F4871C-18AB-4016-AEF5-368F1F422CE7}.Release|Any CPU.Build.0 = Release|Any CPU
	EndGlobalSection
	GlobalSection(SolutionProperties) = preSolution
		HideSolutionNode = FALSE
	EndGlobalSection
	GlobalSection(ExtensibilityGlobals) = postSolution
		SolutionGuid = {2F2278C4-DFBE-45BF-B990-932B34B2AD19}
	EndGlobalSection
EndGlobal
